// !$*UTF8*$!
{
	archiveVersion = 1;
	classes = {
	};
	objectVersion = 55;
	objects = {

/* Begin PBXBuildFile section */
		C62E259928AD65C90063A74D /* FlappyBirdApp.swift in Sources */ = {isa = PBXBuildFile; fileRef = C62E259828AD65C90063A74D /* FlappyBirdApp.swift */; };
		C62E259B28AD65C90063A74D /* ContentView.swift in Sources */ = {isa = PBXBuildFile; fileRef = C62E259A28AD65C90063A74D /* ContentView.swift */; };
		C62E259D28AD65CA0063A74D /* Assets.xcassets in Resources */ = {isa = PBXBuildFile; fileRef = C62E259C28AD65CA0063A74D /* Assets.xcassets */; };
		C62E25A128AD65CA0063A74D /* Preview Assets.xcassets in Resources */ = {isa = PBXBuildFile; fileRef = C62E25A028AD65CA0063A74D /* Preview Assets.xcassets */; };
		C62E25AF28AD668A0063A74D /* swoosh.wav in Resources */ = {isa = PBXBuildFile; fileRef = C62E25AA28AD668A0063A74D /* swoosh.wav */; };
		C62E25B028AD668A0063A74D /* die.wav in Resources */ = {isa = PBXBuildFile; fileRef = C62E25AB28AD668A0063A74D /* die.wav */; };
		C62E25B128AD668A0063A74D /* point.wav in Resources */ = {isa = PBXBuildFile; fileRef = C62E25AC28AD668A0063A74D /* point.wav */; };
		C62E25B228AD668A0063A74D /* wing.wav in Resources */ = {isa = PBXBuildFile; fileRef = C62E25AD28AD668A0063A74D /* wing.wav */; };
		C62E25B328AD668A0063A74D /* hit.wav in Resources */ = {isa = PBXBuildFile; fileRef = C62E25AE28AD668A0063A74D /* hit.wav */; };
		C62E25B528AD67310063A74D /* Constants.swift in Sources */ = {isa = PBXBuildFile; fileRef = C62E25B428AD67310063A74D /* Constants.swift */; };
		C62E25B728AD67540063A74D /* Actions.sks in Resources */ = {isa = PBXBuildFile; fileRef = C62E25B628AD67540063A74D /* Actions.sks */; };
		C62E25BC28AD67690063A74D /* SKScene+Extension.swift in Sources */ = {isa = PBXBuildFile; fileRef = C62E25B928AD67690063A74D /* SKScene+Extension.swift */; };
		C62E25BD28AD67690063A74D /* GameScene.sks in Resources */ = {isa = PBXBuildFile; fileRef = C62E25BA28AD67690063A74D /* GameScene.sks */; };
		C62E25BE28AD67690063A74D /* GameScene.swift in Sources */ = {isa = PBXBuildFile; fileRef = C62E25BB28AD67690063A74D /* GameScene.swift */; };
		C62E25C528AD67780063A74D /* Score.swift in Sources */ = {isa = PBXBuildFile; fileRef = C62E25C028AD67780063A74D /* Score.swift */; };
		C62E25C628AD67780063A74D /* Ground.swift in Sources */ = {isa = PBXBuildFile; fileRef = C62E25C128AD67780063A74D /* Ground.swift */; };
		C62E25C728AD67780063A74D /* Bird.swift in Sources */ = {isa = PBXBuildFile; fileRef = C62E25C228AD67780063A74D /* Bird.swift */; };
		C62E25C828AD67780063A74D /* Background.swift in Sources */ = {isa = PBXBuildFile; fileRef = C62E25C328AD67780063A74D /* Background.swift */; };
		C62E25C928AD67780063A74D /* Pipe.swift in Sources */ = {isa = PBXBuildFile; fileRef = C62E25C428AD67780063A74D /* Pipe.swift */; };
/* End PBXBuildFile section */

/* Begin PBXFileReference section */
		C62E259528AD65C90063A74D /* FlappyBird.app */ = {isa = PBXFileReference; explicitFileType = wrapper.application; includeInIndex = 0; path = FlappyBird.app; sourceTree = BUILT_PRODUCTS_DIR; };
		C62E259828AD65C90063A74D /* FlappyBirdApp.swift */ = {isa = PBXFileReference; lastKnownFileType = sourcecode.swift; path = FlappyBirdApp.swift; sourceTree = "<group>"; };
		C62E259A28AD65C90063A74D /* ContentView.swift */ = {isa = PBXFileReference; lastKnownFileType = sourcecode.swift; path = ContentView.swift; sourceTree = "<group>"; };
		C62E259C28AD65CA0063A74D /* Assets.xcassets */ = {isa = PBXFileReference; lastKnownFileType = folder.assetcatalog; path = Assets.xcassets; sourceTree = "<group>"; };
		C62E259E28AD65CA0063A74D /* FlappyBird.entitlements */ = {isa = PBXFileReference; lastKnownFileType = text.plist.entitlements; path = FlappyBird.entitlements; sourceTree = "<group>"; };
		C62E25A028AD65CA0063A74D /* Preview Assets.xcassets */ = {isa = PBXFileReference; lastKnownFileType = folder.assetcatalog; path = "Preview Assets.xcassets"; sourceTree = "<group>"; };
		C62E25AA28AD668A0063A74D /* swoosh.wav */ = {isa = PBXFileReference; lastKnownFileType = audio.wav; path = swoosh.wav; sourceTree = "<group>"; };
		C62E25AB28AD668A0063A74D /* die.wav */ = {isa = PBXFileReference; lastKnownFileType = audio.wav; path = die.wav; sourceTree = "<group>"; };
		C62E25AC28AD668A0063A74D /* point.wav */ = {isa = PBXFileReference; lastKnownFileType = audio.wav; path = point.wav; sourceTree = "<group>"; };
		C62E25AD28AD668A0063A74D /* wing.wav */ = {isa = PBXFileReference; lastKnownFileType = audio.wav; path = wing.wav; sourceTree = "<group>"; };
		C62E25AE28AD668A0063A74D /* hit.wav */ = {isa = PBXFileReference; lastKnownFileType = audio.wav; path = hit.wav; sourceTree = "<group>"; };
		C62E25B428AD67310063A74D /* Constants.swift */ = {isa = PBXFileReference; fileEncoding = 4; lastKnownFileType = sourcecode.swift; path = Constants.swift; sourceTree = "<group>"; };
		C62E25B628AD67540063A74D /* Actions.sks */ = {isa = PBXFileReference; lastKnownFileType = file.sks; path = Actions.sks; sourceTree = "<group>"; };
		C62E25B928AD67690063A74D /* SKScene+Extension.swift */ = {isa = PBXFileReference; fileEncoding = 4; lastKnownFileType = sourcecode.swift; path = "SKScene+Extension.swift"; sourceTree = "<group>"; };
		C62E25BA28AD67690063A74D /* GameScene.sks */ = {isa = PBXFileReference; lastKnownFileType = file.sks; path = GameScene.sks; sourceTree = "<group>"; };
		C62E25BB28AD67690063A74D /* GameScene.swift */ = {isa = PBXFileReference; fileEncoding = 4; lastKnownFileType = sourcecode.swift; path = GameScene.swift; sourceTree = "<group>"; };
		C62E25C028AD67780063A74D /* Score.swift */ = {isa = PBXFileReference; fileEncoding = 4; lastKnownFileType = sourcecode.swift; path = Score.swift; sourceTree = "<group>"; };
		C62E25C128AD67780063A74D /* Ground.swift */ = {isa = PBXFileReference; fileEncoding = 4; lastKnownFileType = sourcecode.swift; path = Ground.swift; sourceTree = "<group>"; };
		C62E25C228AD67780063A74D /* Bird.swift */ = {isa = PBXFileReference; fileEncoding = 4; lastKnownFileType = sourcecode.swift; path = Bird.swift; sourceTree = "<group>"; };
		C62E25C328AD67780063A74D /* Background.swift */ = {isa = PBXFileReference; fileEncoding = 4; lastKnownFileType = sourcecode.swift; path = Background.swift; sourceTree = "<group>"; };
		C62E25C428AD67780063A74D /* Pipe.swift */ = {isa = PBXFileReference; fileEncoding = 4; lastKnownFileType = sourcecode.swift; path = Pipe.swift; sourceTree = "<group>"; };
/* End PBXFileReference section */

/* Begin PBXFrameworksBuildPhase section */
		C62E259228AD65C90063A74D /* Frameworks */ = {
			isa = PBXFrameworksBuildPhase;
			buildActionMask = 2147483647;
			files = (
			);
			runOnlyForDeploymentPostprocessing = 0;
		};
/* End PBXFrameworksBuildPhase section */

/* Begin PBXGroup section */
		C62E258C28AD65C90063A74D = {
			isa = PBXGroup;
			children = (
				C62E259728AD65C90063A74D /* FlappyBird */,
				C62E259628AD65C90063A74D /* Products */,
			);
			sourceTree = "<group>";
		};
		C62E259628AD65C90063A74D /* Products */ = {
			isa = PBXGroup;
			children = (
				C62E259528AD65C90063A74D /* FlappyBird.app */,
			);
			name = Products;
			sourceTree = "<group>";
		};
		C62E259728AD65C90063A74D /* FlappyBird */ = {
			isa = PBXGroup;
			children = (
				C62E25BF28AD67780063A74D /* Classes */,
				C62E25B828AD67690063A74D /* GameScene */,
				C62E259F28AD65CA0063A74D /* Preview Content */,
				C62E25A728AD66340063A74D /* Resources */,
				C62E25A828AD66410063A74D /* Views */,
				C62E259828AD65C90063A74D /* FlappyBirdApp.swift */,
				C62E25B428AD67310063A74D /* Constants.swift */,
				C62E25B628AD67540063A74D /* Actions.sks */,
			);
			path = FlappyBird;
			sourceTree = "<group>";
		};
		C62E259F28AD65CA0063A74D /* Preview Content */ = {
			isa = PBXGroup;
			children = (
				C62E25A028AD65CA0063A74D /* Preview Assets.xcassets */,
			);
			path = "Preview Content";
			sourceTree = "<group>";
		};
		C62E25A728AD66340063A74D /* Resources */ = {
			isa = PBXGroup;
			children = (
				C62E25A928AD668A0063A74D /* Audio */,
				C62E259C28AD65CA0063A74D /* Assets.xcassets */,
				C62E259E28AD65CA0063A74D /* FlappyBird.entitlements */,
			);
			path = Resources;
			sourceTree = "<group>";
		};
		C62E25A828AD66410063A74D /* Views */ = {
			isa = PBXGroup;
			children = (
				C62E259A28AD65C90063A74D /* ContentView.swift */,
			);
			path = Views;
			sourceTree = "<group>";
		};
		C62E25A928AD668A0063A74D /* Audio */ = {
			isa = PBXGroup;
			children = (
				C62E25AA28AD668A0063A74D /* swoosh.wav */,
				C62E25AB28AD668A0063A74D /* die.wav */,
				C62E25AC28AD668A0063A74D /* point.wav */,
				C62E25AD28AD668A0063A74D /* wing.wav */,
				C62E25AE28AD668A0063A74D /* hit.wav */,
			);
			path = Audio;
			sourceTree = "<group>";
		};
		C62E25B828AD67690063A74D /* GameScene */ = {
			isa = PBXGroup;
			children = (
				C62E25B928AD67690063A74D /* SKScene+Extension.swift */,
				C62E25BA28AD67690063A74D /* GameScene.sks */,
				C62E25BB28AD67690063A74D /* GameScene.swift */,
			);
			path = GameScene;
			sourceTree = "<group>";
		};
		C62E25BF28AD67780063A74D /* Classes */ = {
			isa = PBXGroup;
			children = (
				C62E25C028AD67780063A74D /* Score.swift */,
				C62E25C128AD67780063A74D /* Ground.swift */,
				C62E25C228AD67780063A74D /* Bird.swift */,
				C62E25C328AD67780063A74D /* Background.swift */,
				C62E25C428AD67780063A74D /* Pipe.swift */,
			);
			path = Classes;
			sourceTree = "<group>";
		};
/* End PBXGroup section */

/* Begin PBXNativeTarget section */
		C62E259428AD65C90063A74D /* FlappyBird */ = {
			isa = PBXNativeTarget;
			buildConfigurationList = C62E25A428AD65CA0063A74D /* Build configuration list for PBXNativeTarget "FlappyBird" */;
			buildPhases = (
				C62E259128AD65C90063A74D /* Sources */,
				C62E259228AD65C90063A74D /* Frameworks */,
				C62E259328AD65C90063A74D /* Resources */,
			);
			buildRules = (
			);
			dependencies = (
			);
			name = FlappyBird;
			productName = FlappyBird;
			productReference = C62E259528AD65C90063A74D /* FlappyBird.app */;
			productType = "com.apple.product-type.application";
		};
/* End PBXNativeTarget section */

/* Begin PBXProject section */
		C62E258D28AD65C90063A74D /* Project object */ = {
			isa = PBXProject;
			attributes = {
				BuildIndependentTargetsInParallel = 1;
				LastSwiftUpdateCheck = 1400;
				LastUpgradeCheck = 1400;
				TargetAttributes = {
					C62E259428AD65C90063A74D = {
						CreatedOnToolsVersion = 14.0;
					};
				};
			};
			buildConfigurationList = C62E259028AD65C90063A74D /* Build configuration list for PBXProject "FlappyBird" */;
			compatibilityVersion = "Xcode 13.0";
			developmentRegion = en;
			hasScannedForEncodings = 0;
			knownRegions = (
				en,
				Base,
			);
			mainGroup = C62E258C28AD65C90063A74D;
			productRefGroup = C62E259628AD65C90063A74D /* Products */;
			projectDirPath = "";
			projectRoot = "";
			targets = (
				C62E259428AD65C90063A74D /* FlappyBird */,
			);
		};
/* End PBXProject section */

/* Begin PBXResourcesBuildPhase section */
		C62E259328AD65C90063A74D /* Resources */ = {
			isa = PBXResourcesBuildPhase;
			buildActionMask = 2147483647;
			files = (
				C62E25A128AD65CA0063A74D /* Preview Assets.xcassets in Resources */,
				C62E25B028AD668A0063A74D /* die.wav in Resources */,
				C62E25AF28AD668A0063A74D /* swoosh.wav in Resources */,
				C62E25B728AD67540063A74D /* Actions.sks in Resources */,
				C62E25B228AD668A0063A74D /* wing.wav in Resources */,
				C62E25B128AD668A0063A74D /* point.wav in Resources */,
				C62E25B328AD668A0063A74D /* hit.wav in Resources */,
				C62E25BD28AD67690063A74D /* GameScene.sks in Resources */,
				C62E259D28AD65CA0063A74D /* Assets.xcassets in Resources */,
			);
			runOnlyForDeploymentPostprocessing = 0;
		};
/* End PBXResourcesBuildPhase section */

/* Begin PBXSourcesBuildPhase section */
		C62E259128AD65C90063A74D /* Sources */ = {
			isa = PBXSourcesBuildPhase;
			buildActionMask = 2147483647;
			files = (
				C62E25BE28AD67690063A74D /* GameScene.swift in Sources */,
				C62E259B28AD65C90063A74D /* ContentView.swift in Sources */,
				C62E25C628AD67780063A74D /* Ground.swift in Sources */,
				C62E25C928AD67780063A74D /* Pipe.swift in Sources */,
				C62E259928AD65C90063A74D /* FlappyBirdApp.swift in Sources */,
				C62E25BC28AD67690063A74D /* SKScene+Extension.swift in Sources */,
				C62E25C828AD67780063A74D /* Background.swift in Sources */,
				C62E25C528AD67780063A74D /* Score.swift in Sources */,
				C62E25C728AD67780063A74D /* Bird.swift in Sources */,
				C62E25B528AD67310063A74D /* Constants.swift in Sources */,
			);
			runOnlyForDeploymentPostprocessing = 0;
		};
/* End PBXSourcesBuildPhase section */

/* Begin XCBuildConfiguration section */
		C62E25A228AD65CA0063A74D /* Debug */ = {
			isa = XCBuildConfiguration;
			buildSettings = {
				ALWAYS_SEARCH_USER_PATHS = NO;
				CLANG_ANALYZER_NONNULL = YES;
				CLANG_ANALYZER_NUMBER_OBJECT_CONVERSION = YES_AGGRESSIVE;
				CLANG_CXX_LANGUAGE_STANDARD = "gnu++20";
				CLANG_ENABLE_MODULES = YES;
				CLANG_ENABLE_OBJC_ARC = YES;
				CLANG_ENABLE_OBJC_WEAK = YES;
				CLANG_WARN_BLOCK_CAPTURE_AUTORELEASING = YES;
				CLANG_WARN_BOOL_CONVERSION = YES;
				CLANG_WARN_COMMA = YES;
				CLANG_WARN_CONSTANT_CONVERSION = YES;
				CLANG_WARN_DEPRECATED_OBJC_IMPLEMENTATIONS = YES;
				CLANG_WARN_DIRECT_OBJC_ISA_USAGE = YES_ERROR;
				CLANG_WARN_DOCUMENTATION_COMMENTS = YES;
				CLANG_WARN_EMPTY_BODY = YES;
				CLANG_WARN_ENUM_CONVERSION = YES;
				CLANG_WARN_INFINITE_RECURSION = YES;
				CLANG_WARN_INT_CONVERSION = YES;
				CLANG_WARN_NON_LITERAL_NULL_CONVERSION = YES;
				CLANG_WARN_OBJC_IMPLICIT_RETAIN_SELF = YES;
				CLANG_WARN_OBJC_LITERAL_CONVERSION = YES;
				CLANG_WARN_OBJC_ROOT_CLASS = YES_ERROR;
				CLANG_WARN_QUOTED_INCLUDE_IN_FRAMEWORK_HEADER = YES;
				CLANG_WARN_RANGE_LOOP_ANALYSIS = YES;
				CLANG_WARN_STRICT_PROTOTYPES = YES;
				CLANG_WARN_SUSPICIOUS_MOVE = YES;
				CLANG_WARN_UNGUARDED_AVAILABILITY = YES_AGGRESSIVE;
				CLANG_WARN_UNREACHABLE_CODE = YES;
				CLANG_WARN__DUPLICATE_METHOD_MATCH = YES;
				COPY_PHASE_STRIP = NO;
				DEBUG_INFORMATION_FORMAT = dwarf;
				ENABLE_STRICT_OBJC_MSGSEND = YES;
				ENABLE_TESTABILITY = YES;
				GCC_C_LANGUAGE_STANDARD = gnu11;
				GCC_DYNAMIC_NO_PIC = NO;
				GCC_NO_COMMON_BLOCKS = YES;
				GCC_OPTIMIZATION_LEVEL = 0;
				GCC_PREPROCESSOR_DEFINITIONS = (
					"DEBUG=1",
					"$(inherited)",
				);
				GCC_WARN_64_TO_32_BIT_CONVERSION = YES;
				GCC_WARN_ABOUT_RETURN_TYPE = YES_ERROR;
				GCC_WARN_UNDECLARED_SELECTOR = YES;
				GCC_WARN_UNINITIALIZED_AUTOS = YES_AGGRESSIVE;
				GCC_WARN_UNUSED_FUNCTION = YES;
				GCC_WARN_UNUSED_VARIABLE = YES;
				MTL_ENABLE_DEBUG_INFO = INCLUDE_SOURCE;
				MTL_FAST_MATH = YES;
				ONLY_ACTIVE_ARCH = YES;
				SWIFT_ACTIVE_COMPILATION_CONDITIONS = DEBUG;
				SWIFT_OPTIMIZATION_LEVEL = "-Onone";
			};
			name = Debug;
		};
		C62E25A328AD65CA0063A74D /* Release */ = {
			isa = XCBuildConfiguration;
			buildSettings = {
				ALWAYS_SEARCH_USER_PATHS = NO;
				CLANG_ANALYZER_NONNULL = YES;
				CLANG_ANALYZER_NUMBER_OBJECT_CONVERSION = YES_AGGRESSIVE;
				CLANG_CXX_LANGUAGE_STANDARD = "gnu++20";
				CLANG_ENABLE_MODULES = YES;
				CLANG_ENABLE_OBJC_ARC = YES;
				CLANG_ENABLE_OBJC_WEAK = YES;
				CLANG_WARN_BLOCK_CAPTURE_AUTORELEASING = YES;
				CLANG_WARN_BOOL_CONVERSION = YES;
				CLANG_WARN_COMMA = YES;
				CLANG_WARN_CONSTANT_CONVERSION = YES;
				CLANG_WARN_DEPRECATED_OBJC_IMPLEMENTATIONS = YES;
				CLANG_WARN_DIRECT_OBJC_ISA_USAGE = YES_ERROR;
				CLANG_WARN_DOCUMENTATION_COMMENTS = YES;
				CLANG_WARN_EMPTY_BODY = YES;
				CLANG_WARN_ENUM_CONVERSION = YES;
				CLANG_WARN_INFINITE_RECURSION = YES;
				CLANG_WARN_INT_CONVERSION = YES;
				CLANG_WARN_NON_LITERAL_NULL_CONVERSION = YES;
				CLANG_WARN_OBJC_IMPLICIT_RETAIN_SELF = YES;
				CLANG_WARN_OBJC_LITERAL_CONVERSION = YES;
				CLANG_WARN_OBJC_ROOT_CLASS = YES_ERROR;
				CLANG_WARN_QUOTED_INCLUDE_IN_FRAMEWORK_HEADER = YES;
				CLANG_WARN_RANGE_LOOP_ANALYSIS = YES;
				CLANG_WARN_STRICT_PROTOTYPES = YES;
				CLANG_WARN_SUSPICIOUS_MOVE = YES;
				CLANG_WARN_UNGUARDED_AVAILABILITY = YES_AGGRESSIVE;
				CLANG_WARN_UNREACHABLE_CODE = YES;
				CLANG_WARN__DUPLICATE_METHOD_MATCH = YES;
				COPY_PHASE_STRIP = NO;
				DEBUG_INFORMATION_FORMAT = "dwarf-with-dsym";
				ENABLE_NS_ASSERTIONS = NO;
				ENABLE_STRICT_OBJC_MSGSEND = YES;
				GCC_C_LANGUAGE_STANDARD = gnu11;
				GCC_NO_COMMON_BLOCKS = YES;
				GCC_WARN_64_TO_32_BIT_CONVERSION = YES;
				GCC_WARN_ABOUT_RETURN_TYPE = YES_ERROR;
				GCC_WARN_UNDECLARED_SELECTOR = YES;
				GCC_WARN_UNINITIALIZED_AUTOS = YES_AGGRESSIVE;
				GCC_WARN_UNUSED_FUNCTION = YES;
				GCC_WARN_UNUSED_VARIABLE = YES;
				MTL_ENABLE_DEBUG_INFO = NO;
				MTL_FAST_MATH = YES;
				SWIFT_COMPILATION_MODE = wholemodule;
				SWIFT_OPTIMIZATION_LEVEL = "-O";
			};
			name = Release;
		};
		C62E25A528AD65CA0063A74D /* Debug */ = {
			isa = XCBuildConfiguration;
			buildSettings = {
				ASSETCATALOG_COMPILER_APPICON_NAME = AppIcon;
				ASSETCATALOG_COMPILER_GLOBAL_ACCENT_COLOR_NAME = AccentColor;
				CODE_SIGN_ENTITLEMENTS = FlappyBird/Resources/FlappyBird.entitlements;
				CODE_SIGN_STYLE = Automatic;
				CURRENT_PROJECT_VERSION = 1;
				DEVELOPMENT_ASSET_PATHS = "\"FlappyBird/Preview Content\"";
				ENABLE_PREVIEWS = YES;
				GENERATE_INFOPLIST_FILE = YES;
				INFOPLIST_KEY_LSApplicationCategoryType = "public.app-category.games";
				"INFOPLIST_KEY_UIApplicationSceneManifest_Generation[sdk=iphoneos*]" = YES;
				"INFOPLIST_KEY_UIApplicationSceneManifest_Generation[sdk=iphonesimulator*]" = YES;
				"INFOPLIST_KEY_UIApplicationSupportsIndirectInputEvents[sdk=iphoneos*]" = YES;
				"INFOPLIST_KEY_UIApplicationSupportsIndirectInputEvents[sdk=iphonesimulator*]" = YES;
				"INFOPLIST_KEY_UILaunchScreen_Generation[sdk=iphoneos*]" = YES;
				"INFOPLIST_KEY_UILaunchScreen_Generation[sdk=iphonesimulator*]" = YES;
				"INFOPLIST_KEY_UIStatusBarStyle[sdk=iphoneos*]" = UIStatusBarStyleDefault;
				"INFOPLIST_KEY_UIStatusBarStyle[sdk=iphonesimulator*]" = UIStatusBarStyleDefault;
				INFOPLIST_KEY_UISupportedInterfaceOrientations = UIInterfaceOrientationPortrait;
				INFOPLIST_KEY_UISupportedInterfaceOrientations_iPad = "UIInterfaceOrientationPortrait UIInterfaceOrientationPortraitUpsideDown";
				IPHONEOS_DEPLOYMENT_TARGET = 15.0;
				LD_RUNPATH_SEARCH_PATHS = "@executable_path/Frameworks";
				"LD_RUNPATH_SEARCH_PATHS[sdk=macosx*]" = "@executable_path/../Frameworks";
				MACOSX_DEPLOYMENT_TARGET = 12.0;
				MARKETING_VERSION = 1.0;
				PRODUCT_BUNDLE_IDENTIFIER = com.game.FlappyBird;
				PRODUCT_NAME = "$(TARGET_NAME)";
				SDKROOT = auto;
				SUPPORTED_PLATFORMS = "iphoneos iphonesimulator macosx";
				SWIFT_EMIT_LOC_STRINGS = YES;
				SWIFT_VERSION = 5.0;
				TARGETED_DEVICE_FAMILY = "1,2";
			};
			name = Debug;
		};
		C62E25A628AD65CA0063A74D /* Release */ = {
			isa = XCBuildConfiguration;
			buildSettings = {
				ASSETCATALOG_COMPILER_APPICON_NAME = AppIcon;
				ASSETCATALOG_COMPILER_GLOBAL_ACCENT_COLOR_NAME = AccentColor;
				CODE_SIGN_ENTITLEMENTS = FlappyBird/Resources/FlappyBird.entitlements;
				CODE_SIGN_STYLE = Automatic;
				CURRENT_PROJECT_VERSION = 1;
				DEVELOPMENT_ASSET_PATHS = "\"FlappyBird/Preview Content\"";
				ENABLE_PREVIEWS = YES;
				GENERATE_INFOPLIST_FILE = YES;
				INFOPLIST_KEY_LSApplicationCategoryType = "public.app-category.games";
				"INFOPLIST_KEY_UIApplicationSceneManifest_Generation[sdk=iphoneos*]" = YES;
				"INFOPLIST_KEY_UIApplicationSceneManifest_Generation[sdk=iphonesimulator*]" = YES;
				"INFOPLIST_KEY_UIApplicationSupportsIndirectInputEvents[sdk=iphoneos*]" = YES;
				"INFOPLIST_KEY_UIApplicationSupportsIndirectInputEvents[sdk=iphonesimulator*]" = YES;
				"INFOPLIST_KEY_UILaunchScreen_Generation[sdk=iphoneos*]" = YES;
				"INFOPLIST_KEY_UILaunchScreen_Generation[sdk=iphonesimulator*]" = YES;
				"INFOPLIST_KEY_UIStatusBarStyle[sdk=iphoneos*]" = UIStatusBarStyleDefault;
				"INFOPLIST_KEY_UIStatusBarStyle[sdk=iphonesimulator*]" = UIStatusBarStyleDefault;
				INFOPLIST_KEY_UISupportedInterfaceOrientations = UIInterfaceOrientationPortrait;
				INFOPLIST_KEY_UISupportedInterfaceOrientations_iPad = "UIInterfaceOrientationPortrait UIInterfaceOrientationPortraitUpsideDown";
				IPHONEOS_DEPLOYMENT_TARGET = 15.0;
				LD_RUNPATH_SEARCH_PATHS = "@executable_path/Frameworks";
				"LD_RUNPATH_SEARCH_PATHS[sdk=macosx*]" = "@executable_path/../Frameworks";
				MACOSX_DEPLOYMENT_TARGET = 12.0;
				MARKETING_VERSION = 1.0;
				PRODUCT_BUNDLE_IDENTIFIER = com.game.FlappyBird;
				PRODUCT_NAME = "$(TARGET_NAME)";
				SDKROOT = auto;
				SUPPORTED_PLATFORMS = "iphoneos iphonesimulator macosx";
				SWIFT_EMIT_LOC_STRINGS = YES;
				SWIFT_VERSION = 5.0;
				TARGETED_DEVICE_FAMILY = "1,2";
			};
			name = Release;
		};
/* End XCBuildConfiguration section */

/* Begin XCConfigurationList section */
		C62E259028AD65C90063A74D /* Build configuration list for PBXProject "FlappyBird" */ = {
			isa = XCConfigurationList;
			buildConfigurations = (
				C62E25A228AD65CA0063A74D /* Debug */,
				C62E25A328AD65CA0063A74D /* Release */,
			);
			defaultConfigurationIsVisible = 0;
			defaultConfigurationName = Release;
		};
		C62E25A428AD65CA0063A74D /* Build configuration list for PBXNativeTarget "FlappyBird" */ = {
			isa = XCConfigurationList;
			buildConfigurations = (
				C62E25A528AD65CA0063A74D /* Debug */,
				C62E25A628AD65CA0063A74D /* Release */,
			);
			defaultConfigurationIsVisible = 0;
			defaultConfigurationName = Release;
		};
/* End XCConfigurationList section */
	};
	rootObject = C62E258D28AD65C90063A74D /* Project object */;
}
